
Microsoft Visual Studio Solution File, Format Version 12.00
# Visual Studio 15
VisualStudioVersion = 15.0.28010.2048
MinimumVisualStudioVersion = 10.0.40219.1
Project("{FAE04EC0-301F-11D3-BF4B-00C04F79EFBC}") = "app_eleicao", "app_eleicao\app_eleicao\app_eleicao.csproj", "{66A29036-5A58-451C-9748-F2224DD43FE4}"
EndProject
Project("{FAE04EC0-301F-11D3-BF4B-00C04F79EFBC}") = "app_eleicao.Android", "app_eleicao\app_eleicao.Android\app_eleicao.Android.csproj", "{A035B012-F8DC-4543-8522-56FC99E489CB}"
EndProject
Project("{FAE04EC0-301F-11D3-BF4B-00C04F79EFBC}") = "app_eleicao.iOS", "app_eleicao\app_eleicao.iOS\app_eleicao.iOS.csproj", "{B930D18B-0036-4FF7-BF5C-DD8FA9F85B5A}"
EndProject
Global
	GlobalSection(SolutionConfigurationPlatforms) = preSolution
		Ad-Hoc|Any CPU = Ad-Hoc|Any CPU
		Ad-Hoc|iPhone = Ad-Hoc|iPhone
		Ad-Hoc|iPhoneSimulator = Ad-Hoc|iPhoneSimulator
		AppStore|Any CPU = AppStore|Any CPU
		AppStore|iPhone = AppStore|iPhone
		AppStore|iPhoneSimulator = AppStore|iPhoneSimulator
		Debug|Any CPU = Debug|Any CPU
		Debug|iPhone = Debug|iPhone
		Debug|iPhoneSimulator = Debug|iPhoneSimulator
		Release|Any CPU = Release|Any CPU
		Release|iPhone = Release|iPhone
		Release|iPhoneSimulator = Release|iPhoneSimulator
	EndGlobalSection
	GlobalSection(ProjectConfigurationPlatforms) = postSolution
		{66A29036-5A58-451C-9748-F2224DD43FE4}.Ad-Hoc|Any CPU.ActiveCfg = Debug|Any CPU
		{66A29036-5A58-451C-9748-F2224DD43FE4}.Ad-Hoc|Any CPU.Build.0 = Debug|Any CPU
		{66A29036-5A58-451C-9748-F2224DD43FE4}.Ad-Hoc|iPhone.ActiveCfg = Debug|Any CPU
		{66A29036-5A58-451C-9748-F2224DD43FE4}.Ad-Hoc|iPhone.Build.0 = Debug|Any CPU
		{66A29036-5A58-451C-9748-F2224DD43FE4}.Ad-Hoc|iPhoneSimulator.ActiveCfg = Debug|Any CPU
		{66A29036-5A58-451C-9748-F2224DD43FE4}.Ad-Hoc|iPhoneSimulator.Build.0 = Debug|Any CPU
		{66A29036-5A58-451C-9748-F2224DD43FE4}.AppStore|Any CPU.ActiveCfg = Debug|Any CPU
		{66A29036-5A58-451C-9748-F2224DD43FE4}.AppStore|Any CPU.Build.0 = Debug|Any CPU
		{66A29036-5A58-451C-9748-F2224DD43FE4}.AppStore|iPhone.ActiveCfg = Debug|Any CPU
		{66A29036-5A58-451C-9748-F2224DD43FE4}.AppStore|iPhone.Build.0 = Debug|Any CPU
		{66A29036-5A58-451C-9748-F2224DD43FE4}.AppStore|iPhoneSimulator.ActiveCfg = Debug|Any CPU
		{66A29036-5A58-451C-9748-F2224DD43FE4}.AppStore|iPhoneSimulator.Build.0 = Debug|Any CPU
		{66A29036-5A58-451C-9748-F2224DD43FE4}.Debug|Any CPU.ActiveCfg = Debug|Any CPU
		{66A29036-5A58-451C-9748-F2224DD43FE4}.Debug|Any CPU.Build.0 = Debug|Any CPU
		{66A29036-5A58-451C-9748-F2224DD43FE4}.Debug|iPhone.ActiveCfg = Debug|Any CPU
		{66A29036-5A58-451C-9748-F2224DD43FE4}.Debug|iPhone.Build.0 = Debug|Any CPU
		{66A29036-5A58-451C-9748-F2224DD43FE4}.Debug|iPhoneSimulator.ActiveCfg = Debug|Any CPU
		{66A29036-5A58-451C-9748-F2224DD43FE4}.Debug|iPhoneSimulator.Build.0 = Debug|Any CPU
		{66A29036-5A58-451C-9748-F2224DD43FE4}.Release|Any CPU.ActiveCfg = Release|Any CPU
		{66A29036-5A58-451C-9748-F2224DD43FE4}.Release|Any CPU.Build.0 = Release|Any CPU
		{66A29036-5A58-451C-9748-F2224DD43FE4}.Release|iPhone.ActiveCfg = Release|Any CPU
		{66A29036-5A58-451C-9748-F2224DD43FE4}.Release|iPhone.Build.0 = Release|Any CPU
		{66A29036-5A58-451C-9748-F2224DD43FE4}.Release|iPhoneSimulator.ActiveCfg = Release|Any CPU
		{66A29036-5A58-451C-9748-F2224DD43FE4}.Release|iPhoneSimulator.Build.0 = Release|Any CPU
		{A035B012-F8DC-4543-8522-56FC99E489CB}.Ad-Hoc|Any CPU.ActiveCfg = Release|Any CPU
		{A035B012-F8DC-4543-8522-56FC99E489CB}.Ad-Hoc|Any CPU.Build.0 = Release|Any CPU
		{A035B012-F8DC-4543-8522-56FC99E489CB}.Ad-Hoc|Any CPU.Deploy.0 = Release|Any CPU
		{A035B012-F8DC-4543-8522-56FC99E489CB}.Ad-Hoc|iPhone.ActiveCfg = Release|Any CPU
		{A035B012-F8DC-4543-8522-56FC99E489CB}.Ad-Hoc|iPhone.Build.0 = Release|Any CPU
		{A035B012-F8DC-4543-8522-56FC99E489CB}.Ad-Hoc|iPhone.Deploy.0 = Release|Any CPU
		{A035B012-F8DC-4543-8522-56FC99E489CB}.Ad-Hoc|iPhoneSimulator.ActiveCfg = Release|Any CPU
		{A035B012-F8DC-4543-8522-56FC99E489CB}.Ad-Hoc|iPhoneSimulator.Build.0 = Release|Any CPU
		{A035B012-F8DC-4543-8522-56FC99E489CB}.Ad-Hoc|iPhoneSimulator.Deploy.0 = Release|Any CPU
		{A035B012-F8DC-4543-8522-56FC99E489CB}.AppStore|Any CPU.ActiveCfg = Release|Any CPU
		{A035B012-F8DC-4543-8522-56FC99E489CB}.AppStore|Any CPU.Build.0 = Release|Any CPU
		{A035B012-F8DC-4543-8522-56FC99E489CB}.AppStore|Any CPU.Deploy.0 = Release|Any CPU
		{A035B012-F8DC-4543-8522-56FC99E489CB}.AppStore|iPhone.ActiveCfg = Release|Any CPU
		{A035B012-F8DC-4543-8522-56FC99E489CB}.AppStore|iPhone.Build.0 = Release|Any CPU
		{A035B012-F8DC-4543-8522-56FC99E489CB}.AppStore|iPhone.Deploy.0 = Release|Any CPU
		{A035B012-F8DC-4543-8522-56FC99E489CB}.AppStore|iPhoneSimulator.ActiveCfg = Release|Any CPU
		{A035B012-F8DC-4543-8522-56FC99E489CB}.AppStore|iPhoneSimulator.Build.0 = Release|Any CPU
		{A035B012-F8DC-4543-8522-56FC99E489CB}.AppStore|iPhoneSimulator.Deploy.0 = Release|Any CPU
		{A035B012-F8DC-4543-8522-56FC99E489CB}.Debug|Any CPU.ActiveCfg = Debug|Any CPU
		{A035B012-F8DC-4543-8522-56FC99E489CB}.Debug|Any CPU.Build.0 = Debug|Any CPU
		{A035B012-F8DC-4543-8522-56FC99E489CB}.Debug|Any CPU.Deploy.0 = Debug|Any CPU
		{A035B012-F8DC-4543-8522-56FC99E489CB}.Debug|iPhone.ActiveCfg = Debug|Any CPU
		{A035B012-F8DC-4543-8522-56FC99E489CB}.Debug|iPhone.Build.0 = Debug|Any CPU
		{A035B012-F8DC-4543-8522-56FC99E489CB}.Debug|iPhone.Deploy.0 = Debug|Any CPU
		{A035B012-F8DC-4543-8522-56FC99E489CB}.Debug|iPhoneSimulator.ActiveCfg = Debug|Any CPU
		{A035B012-F8DC-4543-8522-56FC99E489CB}.Debug|iPhoneSimulator.Build.0 = Debug|Any CPU
		{A035B012-F8DC-4543-8522-56FC99E489CB}.Debug|iPhoneSimulator.Deploy.0 = Debug|Any CPU
		{A035B012-F8DC-4543-8522-56FC99E489CB}.Release|Any CPU.ActiveCfg = Release|Any CPU
		{A035B012-F8DC-4543-8522-56FC99E489CB}.Release|Any CPU.Build.0 = Release|Any CPU
		{A035B012-F8DC-4543-8522-56FC99E489CB}.Release|Any CPU.Deploy.0 = Release|Any CPU
		{A035B012-F8DC-4543-8522-56FC99E489CB}.Release|iPhone.ActiveCfg = Release|Any CPU
		{A035B012-F8DC-4543-8522-56FC99E489CB}.Release|iPhone.Build.0 = Release|Any CPU
		{A035B012-F8DC-4543-8522-56FC99E489CB}.Release|iPhone.Deploy.0 = Release|Any CPU
		{A035B012-F8DC-4543-8522-56FC99E489CB}.Release|iPhoneSimulator.ActiveCfg = Release|Any CPU
		{A035B012-F8DC-4543-8522-56FC99E489CB}.Release|iPhoneSimulator.Build.0 = Release|Any CPU
		{A035B012-F8DC-4543-8522-56FC99E489CB}.Release|iPhoneSimulator.Deploy.0 = Release|Any CPU
		{B930D18B-0036-4FF7-BF5C-DD8FA9F85B5A}.Ad-Hoc|Any CPU.ActiveCfg = Ad-Hoc|iPhone
		{B930D18B-0036-4FF7-BF5C-DD8FA9F85B5A}.Ad-Hoc|iPhone.ActiveCfg = Ad-Hoc|iPhone
		{B930D18B-0036-4FF7-BF5C-DD8FA9F85B5A}.Ad-Hoc|iPhone.Build.0 = Ad-Hoc|iPhone
		{B930D18B-0036-4FF7-BF5C-DD8FA9F85B5A}.Ad-Hoc|iPhoneSimulator.ActiveCfg = Ad-Hoc|iPhoneSimulator
		{B930D18B-0036-4FF7-BF5C-DD8FA9F85B5A}.Ad-Hoc|iPhoneSimulator.Build.0 = Ad-Hoc|iPhoneSimulator
		{B930D18B-0036-4FF7-BF5C-DD8FA9F85B5A}.AppStore|Any CPU.ActiveCfg = AppStore|iPhone
		{B930D18B-0036-4FF7-BF5C-DD8FA9F85B5A}.AppStore|iPhone.ActiveCfg = AppStore|iPhone
		{B930D18B-0036-4FF7-BF5C-DD8FA9F85B5A}.AppStore|iPhone.Build.0 = AppStore|iPhone
		{B930D18B-0036-4FF7-BF5C-DD8FA9F85B5A}.AppStore|iPhoneSimulator.ActiveCfg = AppStore|iPhoneSimulator
		{B930D18B-0036-4FF7-BF5C-DD8FA9F85B5A}.AppStore|iPhoneSimulator.Build.0 = AppStore|iPhoneSimulator
		{B930D18B-0036-4FF7-BF5C-DD8FA9F85B5A}.Debug|Any CPU.ActiveCfg = Debug|iPhone
		{B930D18B-0036-4FF7-BF5C-DD8FA9F85B5A}.Debug|iPhone.ActiveCfg = Debug|iPhone
		{B930D18B-0036-4FF7-BF5C-DD8FA9F85B5A}.Debug|iPhone.Build.0 = Debug|iPhone
		{B930D18B-0036-4FF7-BF5C-DD8FA9F85B5A}.Debug|iPhoneSimulator.ActiveCfg = Debug|iPhoneSimulator
		{B930D18B-0036-4FF7-BF5C-DD8FA9F85B5A}.Debug|iPhoneSimulator.Build.0 = Debug|iPhoneSimulator
		{B930D18B-0036-4FF7-BF5C-DD8FA9F85B5A}.Release|Any CPU.ActiveCfg = Release|iPhone
		{B930D18B-0036-4FF7-BF5C-DD8FA9F85B5A}.Release|iPhone.ActiveCfg = Release|iPhone
		{B930D18B-0036-4FF7-BF5C-DD8FA9F85B5A}.Release|iPhone.Build.0 = Release|iPhone
		{B930D18B-0036-4FF7-BF5C-DD8FA9F85B5A}.Release|iPhoneSimulator.ActiveCfg = Release|iPhoneSimulator
		{B930D18B-0036-4FF7-BF5C-DD8FA9F85B5A}.Release|iPhoneSimulator.Build.0 = Release|iPhoneSimulator
	EndGlobalSection
	GlobalSection(SolutionProperties) = preSolution
		HideSolutionNode = FALSE
	EndGlobalSection
	GlobalSection(ExtensibilityGlobals) = postSolution
		SolutionGuid = {FFF17464-18E4-47D3-8A9B-FF2434A5535E}
	EndGlobalSection
EndGlobal
