
Microsoft Visual Studio Solution File, Format Version 12.00
# Visual Studio 15
VisualStudioVersion = 15.0.28010.2046
MinimumVisualStudioVersion = 10.0.40219.1
Project("{FAE04EC0-301F-11D3-BF4B-00C04F79EFBC}") = "app_eleicao.Android", "app_eleicao\app_eleicao.Android\app_eleicao.Android.csproj", "{1EF927CD-D3D8-4544-9075-45C12403692D}"
EndProject
Project("{FAE04EC0-301F-11D3-BF4B-00C04F79EFBC}") = "app_eleicao.iOS", "app_eleicao\app_eleicao.iOS\app_eleicao.iOS.csproj", "{B9876D88-2E20-4DA9-BC12-511B860F90A5}"
EndProject
Project("{FAE04EC0-301F-11D3-BF4B-00C04F79EFBC}") = "app_eleicao", "app_eleicao\app_eleicao\app_eleicao.csproj", "{36792CBD-ED51-4463-A4FD-49C87EF0B761}"
EndProject
Global
	GlobalSection(SolutionConfigurationPlatforms) = preSolution
		Ad-Hoc|Any CPU = Ad-Hoc|Any CPU
		Ad-Hoc|iPhone = Ad-Hoc|iPhone
		Ad-Hoc|iPhoneSimulator = Ad-Hoc|iPhoneSimulator
		AppStore|Any CPU = AppStore|Any CPU
		AppStore|iPhone = AppStore|iPhone
		AppStore|iPhoneSimulator = AppStore|iPhoneSimulator
		Debug|Any CPU = Debug|Any CPU
		Debug|iPhone = Debug|iPhone
		Debug|iPhoneSimulator = Debug|iPhoneSimulator
		Release|Any CPU = Release|Any CPU
		Release|iPhone = Release|iPhone
		Release|iPhoneSimulator = Release|iPhoneSimulator
	EndGlobalSection
	GlobalSection(ProjectConfigurationPlatforms) = postSolution
		{1EF927CD-D3D8-4544-9075-45C12403692D}.Ad-Hoc|Any CPU.ActiveCfg = Release|Any CPU
		{1EF927CD-D3D8-4544-9075-45C12403692D}.Ad-Hoc|Any CPU.Build.0 = Release|Any CPU
		{1EF927CD-D3D8-4544-9075-45C12403692D}.Ad-Hoc|Any CPU.Deploy.0 = Release|Any CPU
		{1EF927CD-D3D8-4544-9075-45C12403692D}.Ad-Hoc|iPhone.ActiveCfg = Release|Any CPU
		{1EF927CD-D3D8-4544-9075-45C12403692D}.Ad-Hoc|iPhone.Build.0 = Release|Any CPU
		{1EF927CD-D3D8-4544-9075-45C12403692D}.Ad-Hoc|iPhone.Deploy.0 = Release|Any CPU
		{1EF927CD-D3D8-4544-9075-45C12403692D}.Ad-Hoc|iPhoneSimulator.ActiveCfg = Release|Any CPU
		{1EF927CD-D3D8-4544-9075-45C12403692D}.Ad-Hoc|iPhoneSimulator.Build.0 = Release|Any CPU
		{1EF927CD-D3D8-4544-9075-45C12403692D}.Ad-Hoc|iPhoneSimulator.Deploy.0 = Release|Any CPU
		{1EF927CD-D3D8-4544-9075-45C12403692D}.AppStore|Any CPU.ActiveCfg = Release|Any CPU
		{1EF927CD-D3D8-4544-9075-45C12403692D}.AppStore|Any CPU.Build.0 = Release|Any CPU
		{1EF927CD-D3D8-4544-9075-45C12403692D}.AppStore|Any CPU.Deploy.0 = Release|Any CPU
		{1EF927CD-D3D8-4544-9075-45C12403692D}.AppStore|iPhone.ActiveCfg = Release|Any CPU
		{1EF927CD-D3D8-4544-9075-45C12403692D}.AppStore|iPhone.Build.0 = Release|Any CPU
		{1EF927CD-D3D8-4544-9075-45C12403692D}.AppStore|iPhone.Deploy.0 = Release|Any CPU
		{1EF927CD-D3D8-4544-9075-45C12403692D}.AppStore|iPhoneSimulator.ActiveCfg = Release|Any CPU
		{1EF927CD-D3D8-4544-9075-45C12403692D}.AppStore|iPhoneSimulator.Build.0 = Release|Any CPU
		{1EF927CD-D3D8-4544-9075-45C12403692D}.AppStore|iPhoneSimulator.Deploy.0 = Release|Any CPU
		{1EF927CD-D3D8-4544-9075-45C12403692D}.Debug|Any CPU.ActiveCfg = Debug|Any CPU
		{1EF927CD-D3D8-4544-9075-45C12403692D}.Debug|Any CPU.Build.0 = Debug|Any CPU
		{1EF927CD-D3D8-4544-9075-45C12403692D}.Debug|Any CPU.Deploy.0 = Debug|Any CPU
		{1EF927CD-D3D8-4544-9075-45C12403692D}.Debug|iPhone.ActiveCfg = Debug|Any CPU
		{1EF927CD-D3D8-4544-9075-45C12403692D}.Debug|iPhone.Build.0 = Debug|Any CPU
		{1EF927CD-D3D8-4544-9075-45C12403692D}.Debug|iPhone.Deploy.0 = Debug|Any CPU
		{1EF927CD-D3D8-4544-9075-45C12403692D}.Debug|iPhoneSimulator.ActiveCfg = Debug|Any CPU
		{1EF927CD-D3D8-4544-9075-45C12403692D}.Debug|iPhoneSimulator.Build.0 = Debug|Any CPU
		{1EF927CD-D3D8-4544-9075-45C12403692D}.Debug|iPhoneSimulator.Deploy.0 = Debug|Any CPU
		{1EF927CD-D3D8-4544-9075-45C12403692D}.Release|Any CPU.ActiveCfg = Release|Any CPU
		{1EF927CD-D3D8-4544-9075-45C12403692D}.Release|Any CPU.Build.0 = Release|Any CPU
		{1EF927CD-D3D8-4544-9075-45C12403692D}.Release|Any CPU.Deploy.0 = Release|Any CPU
		{1EF927CD-D3D8-4544-9075-45C12403692D}.Release|iPhone.ActiveCfg = Release|Any CPU
		{1EF927CD-D3D8-4544-9075-45C12403692D}.Release|iPhone.Build.0 = Release|Any CPU
		{1EF927CD-D3D8-4544-9075-45C12403692D}.Release|iPhone.Deploy.0 = Release|Any CPU
		{1EF927CD-D3D8-4544-9075-45C12403692D}.Release|iPhoneSimulator.ActiveCfg = Release|Any CPU
		{1EF927CD-D3D8-4544-9075-45C12403692D}.Release|iPhoneSimulator.Build.0 = Release|Any CPU
		{1EF927CD-D3D8-4544-9075-45C12403692D}.Release|iPhoneSimulator.Deploy.0 = Release|Any CPU
		{B9876D88-2E20-4DA9-BC12-511B860F90A5}.Ad-Hoc|Any CPU.ActiveCfg = Ad-Hoc|iPhone
		{B9876D88-2E20-4DA9-BC12-511B860F90A5}.Ad-Hoc|Any CPU.Build.0 = Ad-Hoc|iPhone
		{B9876D88-2E20-4DA9-BC12-511B860F90A5}.Ad-Hoc|Any CPU.Deploy.0 = Ad-Hoc|iPhone
		{B9876D88-2E20-4DA9-BC12-511B860F90A5}.Ad-Hoc|iPhone.ActiveCfg = Ad-Hoc|iPhone
		{B9876D88-2E20-4DA9-BC12-511B860F90A5}.Ad-Hoc|iPhone.Build.0 = Ad-Hoc|iPhone
		{B9876D88-2E20-4DA9-BC12-511B860F90A5}.Ad-Hoc|iPhone.Deploy.0 = Ad-Hoc|iPhone
		{B9876D88-2E20-4DA9-BC12-511B860F90A5}.Ad-Hoc|iPhoneSimulator.ActiveCfg = Ad-Hoc|iPhoneSimulator
		{B9876D88-2E20-4DA9-BC12-511B860F90A5}.Ad-Hoc|iPhoneSimulator.Build.0 = Ad-Hoc|iPhoneSimulator
		{B9876D88-2E20-4DA9-BC12-511B860F90A5}.Ad-Hoc|iPhoneSimulator.Deploy.0 = Ad-Hoc|iPhoneSimulator
		{B9876D88-2E20-4DA9-BC12-511B860F90A5}.AppStore|Any CPU.ActiveCfg = AppStore|iPhone
		{B9876D88-2E20-4DA9-BC12-511B860F90A5}.AppStore|Any CPU.Build.0 = AppStore|iPhone
		{B9876D88-2E20-4DA9-BC12-511B860F90A5}.AppStore|Any CPU.Deploy.0 = AppStore|iPhone
		{B9876D88-2E20-4DA9-BC12-511B860F90A5}.AppStore|iPhone.ActiveCfg = AppStore|iPhone
		{B9876D88-2E20-4DA9-BC12-511B860F90A5}.AppStore|iPhone.Build.0 = AppStore|iPhone
		{B9876D88-2E20-4DA9-BC12-511B860F90A5}.AppStore|iPhone.Deploy.0 = AppStore|iPhone
		{B9876D88-2E20-4DA9-BC12-511B860F90A5}.AppStore|iPhoneSimulator.ActiveCfg = AppStore|iPhoneSimulator
		{B9876D88-2E20-4DA9-BC12-511B860F90A5}.AppStore|iPhoneSimulator.Build.0 = AppStore|iPhoneSimulator
		{B9876D88-2E20-4DA9-BC12-511B860F90A5}.AppStore|iPhoneSimulator.Deploy.0 = AppStore|iPhoneSimulator
		{B9876D88-2E20-4DA9-BC12-511B860F90A5}.Debug|Any CPU.ActiveCfg = Debug|iPhoneSimulator
		{B9876D88-2E20-4DA9-BC12-511B860F90A5}.Debug|Any CPU.Build.0 = Debug|iPhoneSimulator
		{B9876D88-2E20-4DA9-BC12-511B860F90A5}.Debug|Any CPU.Deploy.0 = Debug|iPhoneSimulator
		{B9876D88-2E20-4DA9-BC12-511B860F90A5}.Debug|iPhone.ActiveCfg = Debug|iPhone
		{B9876D88-2E20-4DA9-BC12-511B860F90A5}.Debug|iPhone.Build.0 = Debug|iPhone
		{B9876D88-2E20-4DA9-BC12-511B860F90A5}.Debug|iPhone.Deploy.0 = Debug|iPhone
		{B9876D88-2E20-4DA9-BC12-511B860F90A5}.Debug|iPhoneSimulator.ActiveCfg = Debug|iPhoneSimulator
		{B9876D88-2E20-4DA9-BC12-511B860F90A5}.Debug|iPhoneSimulator.Build.0 = Debug|iPhoneSimulator
		{B9876D88-2E20-4DA9-BC12-511B860F90A5}.Debug|iPhoneSimulator.Deploy.0 = Debug|iPhoneSimulator
		{B9876D88-2E20-4DA9-BC12-511B860F90A5}.Release|Any CPU.ActiveCfg = Release|iPhone
		{B9876D88-2E20-4DA9-BC12-511B860F90A5}.Release|Any CPU.Build.0 = Release|iPhone
		{B9876D88-2E20-4DA9-BC12-511B860F90A5}.Release|Any CPU.Deploy.0 = Release|iPhone
		{B9876D88-2E20-4DA9-BC12-511B860F90A5}.Release|iPhone.ActiveCfg = Release|iPhone
		{B9876D88-2E20-4DA9-BC12-511B860F90A5}.Release|iPhone.Build.0 = Release|iPhone
		{B9876D88-2E20-4DA9-BC12-511B860F90A5}.Release|iPhone.Deploy.0 = Release|iPhone
		{B9876D88-2E20-4DA9-BC12-511B860F90A5}.Release|iPhoneSimulator.ActiveCfg = Release|iPhoneSimulator
		{B9876D88-2E20-4DA9-BC12-511B860F90A5}.Release|iPhoneSimulator.Build.0 = Release|iPhoneSimulator
		{B9876D88-2E20-4DA9-BC12-511B860F90A5}.Release|iPhoneSimulator.Deploy.0 = Release|iPhoneSimulator
		{36792CBD-ED51-4463-A4FD-49C87EF0B761}.Ad-Hoc|Any CPU.ActiveCfg = Debug|Any CPU
		{36792CBD-ED51-4463-A4FD-49C87EF0B761}.Ad-Hoc|Any CPU.Build.0 = Debug|Any CPU
		{36792CBD-ED51-4463-A4FD-49C87EF0B761}.Ad-Hoc|Any CPU.Deploy.0 = Debug|Any CPU
		{36792CBD-ED51-4463-A4FD-49C87EF0B761}.Ad-Hoc|iPhone.ActiveCfg = Debug|Any CPU
		{36792CBD-ED51-4463-A4FD-49C87EF0B761}.Ad-Hoc|iPhone.Build.0 = Debug|Any CPU
		{36792CBD-ED51-4463-A4FD-49C87EF0B761}.Ad-Hoc|iPhone.Deploy.0 = Debug|Any CPU
		{36792CBD-ED51-4463-A4FD-49C87EF0B761}.Ad-Hoc|iPhoneSimulator.ActiveCfg = Debug|Any CPU
		{36792CBD-ED51-4463-A4FD-49C87EF0B761}.Ad-Hoc|iPhoneSimulator.Build.0 = Debug|Any CPU
		{36792CBD-ED51-4463-A4FD-49C87EF0B761}.Ad-Hoc|iPhoneSimulator.Deploy.0 = Debug|Any CPU
		{36792CBD-ED51-4463-A4FD-49C87EF0B761}.AppStore|Any CPU.ActiveCfg = Debug|Any CPU
		{36792CBD-ED51-4463-A4FD-49C87EF0B761}.AppStore|Any CPU.Build.0 = Debug|Any CPU
		{36792CBD-ED51-4463-A4FD-49C87EF0B761}.AppStore|Any CPU.Deploy.0 = Debug|Any CPU
		{36792CBD-ED51-4463-A4FD-49C87EF0B761}.AppStore|iPhone.ActiveCfg = Debug|Any CPU
		{36792CBD-ED51-4463-A4FD-49C87EF0B761}.AppStore|iPhone.Build.0 = Debug|Any CPU
		{36792CBD-ED51-4463-A4FD-49C87EF0B761}.AppStore|iPhone.Deploy.0 = Debug|Any CPU
		{36792CBD-ED51-4463-A4FD-49C87EF0B761}.AppStore|iPhoneSimulator.ActiveCfg = Debug|Any CPU
		{36792CBD-ED51-4463-A4FD-49C87EF0B761}.AppStore|iPhoneSimulator.Build.0 = Debug|Any CPU
		{36792CBD-ED51-4463-A4FD-49C87EF0B761}.AppStore|iPhoneSimulator.Deploy.0 = Debug|Any CPU
		{36792CBD-ED51-4463-A4FD-49C87EF0B761}.Debug|Any CPU.ActiveCfg = Debug|Any CPU
		{36792CBD-ED51-4463-A4FD-49C87EF0B761}.Debug|Any CPU.Build.0 = Debug|Any CPU
		{36792CBD-ED51-4463-A4FD-49C87EF0B761}.Debug|Any CPU.Deploy.0 = Debug|Any CPU
		{36792CBD-ED51-4463-A4FD-49C87EF0B761}.Debug|iPhone.ActiveCfg = Debug|Any CPU
		{36792CBD-ED51-4463-A4FD-49C87EF0B761}.Debug|iPhone.Build.0 = Debug|Any CPU
		{36792CBD-ED51-4463-A4FD-49C87EF0B761}.Debug|iPhone.Deploy.0 = Debug|Any CPU
		{36792CBD-ED51-4463-A4FD-49C87EF0B761}.Debug|iPhoneSimulator.ActiveCfg = Debug|Any CPU
		{36792CBD-ED51-4463-A4FD-49C87EF0B761}.Debug|iPhoneSimulator.Build.0 = Debug|Any CPU
		{36792CBD-ED51-4463-A4FD-49C87EF0B761}.Debug|iPhoneSimulator.Deploy.0 = Debug|Any CPU
		{36792CBD-ED51-4463-A4FD-49C87EF0B761}.Release|Any CPU.ActiveCfg = Release|Any CPU
		{36792CBD-ED51-4463-A4FD-49C87EF0B761}.Release|Any CPU.Build.0 = Release|Any CPU
		{36792CBD-ED51-4463-A4FD-49C87EF0B761}.Release|Any CPU.Deploy.0 = Release|Any CPU
		{36792CBD-ED51-4463-A4FD-49C87EF0B761}.Release|iPhone.ActiveCfg = Release|Any CPU
		{36792CBD-ED51-4463-A4FD-49C87EF0B761}.Release|iPhone.Build.0 = Release|Any CPU
		{36792CBD-ED51-4463-A4FD-49C87EF0B761}.Release|iPhone.Deploy.0 = Release|Any CPU
		{36792CBD-ED51-4463-A4FD-49C87EF0B761}.Release|iPhoneSimulator.ActiveCfg = Release|Any CPU
		{36792CBD-ED51-4463-A4FD-49C87EF0B761}.Release|iPhoneSimulator.Build.0 = Release|Any CPU
		{36792CBD-ED51-4463-A4FD-49C87EF0B761}.Release|iPhoneSimulator.Deploy.0 = Release|Any CPU
	EndGlobalSection
	GlobalSection(SolutionProperties) = preSolution
		HideSolutionNode = FALSE
	EndGlobalSection
	GlobalSection(ExtensibilityGlobals) = postSolution
		SolutionGuid = {5E730168-0131-4F23-840E-C1058FCD4957}
	EndGlobalSection
EndGlobal
